PODS:
  - Masonry (1.1.0)
  - MJRefresh (3.1.16)
  - SDWebImage (5.0.1):
    - SDWebImage/Core (= 5.0.1)
  - SDWebImage/Core (5.0.1)

DEPENDENCIES:
  - Masonry (~> 1.1.0)
  - MJRefresh (~> 3.1.16)
  - SDWebImage (~> 5.0.1)

SPEC REPOS:
  https://github.com/cocoapods/specs.git:
    - Masonry
    - MJRefresh
    - SDWebImage

SPEC CHECKSUMS:
  Masonry: 678fab65091a9290e40e2832a55e7ab731aad201
  MJRefresh: 7798e16e53a5ef7f332dd05b27664db4e29530fd
  SDWebImage: 27dd2c9ea07a2252f94557c9fbb6105ee94b74c9

PODFILE CHECKSUM: 2d2c7ff6039ad02395efb368ecb59357a389f660

COCOAPODS: 1.6.1
